
Microsoft Visual Studio Solution File, Format Version 12.00
# Visual Studio Version 17
VisualStudioVersion = 17.9.34723.18
MinimumVisualStudioVersion = 10.0.40219.1
Project("{FAE04EC0-301F-11D3-BF4B-00C04F79EFBC}") = "AuthECAPI", "AuthECAPI\AuthECAPI.csproj", "{61D547B7-E2D9-46E6-846C-2DAEA0047D2C}"
EndProject
Project("{2150E333-8FDC-42A3-9474-1A3956D46DE8}") = "Solution Items", "Solution Items", "{3759FE9D-883F-45E4-81B3-CDE583CEC261}"
	ProjectSection(SolutionItems) = preProject
		.editorconfig = .editorconfig
	EndProjectSection
EndProject
Global
	GlobalSection(SolutionConfigurationPlatforms) = preSolution
		Debug|Any CPU = Debug|Any CPU
		Release|Any CPU = Release|Any CPU
	EndGlobalSection
	GlobalSection(ProjectConfigurationPlatforms) = postSolution
		{61D547B7-E2D9-46E6-846C-2DAEA0047D2C}.Debug|Any CPU.ActiveCfg = Debug|Any CPU
		{61D547B7-E2D9-46E6-846C-2DAEA0047D2C}.Debug|Any CPU.Build.0 = Debug|Any CPU
		{61D547B7-E2D9-46E6-846C-2DAEA0047D2C}.Release|Any CPU.ActiveCfg = Release|Any CPU
		{61D547B7-E2D9-46E6-846C-2DAEA0047D2C}.Release|Any CPU.Build.0 = Release|Any CPU
	EndGlobalSection
	GlobalSection(SolutionProperties) = preSolution
		HideSolutionNode = FALSE
	EndGlobalSection
	GlobalSection(ExtensibilityGlobals) = postSolution
		SolutionGuid = {3A56B1AC-3FD1-4168-836F-35F52EAD11C5}
	EndGlobalSection
EndGlobal
